
Microsoft Visual Studio Solution File, Format Version 12.00
# Visual Studio 14
VisualStudioVersion = 14.0.24720.0
MinimumVisualStudioVersion = 10.0.40219.1
Project("{FAE04EC0-301F-11D3-BF4B-00C04F79EFBC}") = "GuildfordBoroughCouncil.Web.FrontTemplateDemo", "GuildfordBoroughCouncil.Web.FrontTemplateDemo\GuildfordBoroughCouncil.Web.FrontTemplateDemo.csproj", "{EBFDCD0D-DF6A-4C36-AB28-C43C668863C5}"
EndProject
Project("{2663D785-051B-485D-9D30-857467B5C15E}") = ".nuget", ".nuget", "{E4494BC9-9CD4-4190-8036-59DA0E845EDC}"
	ProjectSection(SolutionItems) = preProject
		.nuget\nuget.config = .nuget\nuget.config
	EndProjectSection
EndProject
Global
	GlobalSection(SolutionConfigurationPlatforms) = preSolution
		Debug|Any CPU = Debug|Any CPU
		Release|Any CPU = Release|Any CPU
	EndGlobalSection
	GlobalSection(ProjectConfigurationPlatforms) = postSolution
		{EBFDCD0D-DF6A-4C36-AB28-C43C668863C5}.Debug|Any CPU.ActiveCfg = Debug|Any CPU
		{EBFDCD0D-DF6A-4C36-AB28-C43C668863C5}.Debug|Any CPU.Build.0 = Debug|Any CPU
		{EBFDCD0D-DF6A-4C36-AB28-C43C668863C5}.Release|Any CPU.ActiveCfg = Release|Any CPU
		{EBFDCD0D-DF6A-4C36-AB28-C43C668863C5}.Release|Any CPU.Build.0 = Release|Any CPU
	EndGlobalSection
	GlobalSection(SolutionProperties) = preSolution
		HideSolutionNode = FALSE
	EndGlobalSection
EndGlobal
